# This file is automatically @generated by Cargo.
# It is not intended for manual editing.
version = 3

[[package]]
name = "abc329b"
version = "0.1.0"
dependencies = [
 "cli_test_dir",
 "proconio",
]

[[package]]
name = "abc329c"
version = "0.1.0"
dependencies = [
 "cli_test_dir",
 "proconio",
]

[[package]]
name = "abc329d"
version = "0.1.0"
dependencies = [
 "cli_test_dir",
 "proconio",
]

[[package]]
name = "abc330a"
version = "0.1.0"
dependencies = [
 "cli_test_dir",
 "proconio",
]

[[package]]
name = "abc330b"
version = "0.1.0"
dependencies = [
 "cli_test_dir",
 "proconio",
]

[[package]]
name = "abc330c"
version = "0.1.0"
dependencies = [
 "cli_test_dir",
 "proconio",
]

[[package]]
name = "abc330d"
version = "0.1.0"
dependencies = [
 "cli_test_dir",
 "proconio",
]

[[package]]
name = "abc333c"
version = "0.1.0"
dependencies = [
 "cli_test_dir",
 "proconio",
]

[[package]]
name = "abc357a"
version = "0.1.0"
dependencies = [
 "cli_test_dir",
 "proconio",
]

[[package]]
name = "abc357b"
version = "0.1.0"
dependencies = [
 "cli_test_dir",
 "proconio",
]

[[package]]
name = "abc357c"
version = "0.1.0"
dependencies = [
 "cli_test_dir",
 "proconio",
]

[[package]]
name = "abc357d"
version = "0.1.0"
dependencies = [
 "cli_test_dir",
 "proconio",
]

[[package]]
name = "abc357e"
version = "0.1.0"
dependencies = [
 "cli_test_dir",
 "proconio",
]

[[package]]
name = "abc359a"
version = "0.1.0"
dependencies = [
 "cli_test_dir",
 "proconio",
]

[[package]]
name = "abc359b"
version = "0.1.0"
dependencies = [
 "cli_test_dir",
 "proconio",
]

[[package]]
name = "abc359c"
version = "0.1.0"
dependencies = [
 "cli_test_dir",
 "proconio",
]

[[package]]
name = "abc359e"
version = "0.1.0"
dependencies = [
 "cli_test_dir",
 "proconio",
]

[[package]]
name = "abc360e"
version = "0.1.0"
dependencies = [
 "cli_test_dir",
 "proconio",
]

[[package]]
name = "abc408a"
version = "0.1.0"
dependencies = [
 "cli_test_dir",
 "proconio",
]

[[package]]
name = "abc408b"
version = "0.1.0"
dependencies = [
 "cli_test_dir",
 "proconio",
]

[[package]]
name = "abc408c"
version = "0.1.0"
dependencies = [
 "cli_test_dir",
 "proconio",
]

[[package]]
name = "abc408d"
version = "0.1.0"
dependencies = [
 "cli_test_dir",
 "proconio",
]

[[package]]
name = "abc409a"
version = "0.1.0"
dependencies = [
 "cli_test_dir",
 "proconio",
]

[[package]]
name = "abc409b"
version = "0.1.0"
dependencies = [
 "cli_test_dir",
 "proconio",
]

[[package]]
name = "abc409c"
version = "0.1.0"
dependencies = [
 "cli_test_dir",
 "proconio",
]

[[package]]
name = "abc409d"
version = "0.1.0"
dependencies = [
 "cli_test_dir",
 "proconio",
]

[[package]]
name = "abc409e"
version = "0.1.0"
dependencies = [
 "cli_test_dir",
 "proconio",
]

[[package]]
name = "abc423a"
version = "0.1.0"
dependencies = [
 "cli_test_dir",
 "proconio",
]

[[package]]
name = "abc423b"
version = "0.1.0"
dependencies = [
 "cli_test_dir",
 "proconio",
]

[[package]]
name = "abc423c"
version = "0.1.0"
dependencies = [
 "cli_test_dir",
 "proconio",
]

[[package]]
name = "abc423d"
version = "0.1.0"
dependencies = [
 "cli_test_dir",
 "proconio",
]

[[package]]
name = "abc423e"
version = "0.1.0"
dependencies = [
 "cli_test_dir",
 "proconio",
]

[[package]]
name = "cli_test_dir"
version = "0.1.7"
source = "registry+https://github.com/rust-lang/crates.io-index"
checksum = "2bc63338a59538d4f4b767dfb6082e4d26736aadb5100894b76039a04d6ad519"

[[package]]
name = "proconio"
version = "0.4.5"
source = "registry+https://github.com/rust-lang/crates.io-index"
checksum = "0eb404616795079e2390e7115acf0ada24e9332e8476de2aada7bacb9992dc9e"

[[package]]
name = "typ90_subseq"
version = "0.1.0"
dependencies = [
 "cli_test_dir",
 "proconio",
]

[[package]]
name = "typ90_yokan"
version = "0.1.0"
dependencies = [
 "cli_test_dir",
 "proconio",
]
